
Microsoft Visual Studio Solution File, Format Version 12.00
# Visual Studio Version 16
VisualStudioVersion = 16.0.31911.196
MinimumVisualStudioVersion = 10.0.40219.1
Project("{8BC9CEB8-8B4A-11D0-8D11-00A0C91BC942}") = "LibraryDLL", "LibraryDLL\LibraryDLL.vcxproj", "{BADF3E10-1B03-4C5D-8277-D4356BD6F3D2}"
EndProject
Global
	GlobalSection(SolutionConfigurationPlatforms) = preSolution
		Debug|x64 = Debug|x64
		Debug|x86 = Debug|x86
		Release|x64 = Release|x64
		Release|x86 = Release|x86
	EndGlobalSection
	GlobalSection(ProjectConfigurationPlatforms) = postSolution
		{BADF3E10-1B03-4C5D-8277-D4356BD6F3D2}.Debug|x64.ActiveCfg = Debug|x64
		{BADF3E10-1B03-4C5D-8277-D4356BD6F3D2}.Debug|x64.Build.0 = Debug|x64
		{BADF3E10-1B03-4C5D-8277-D4356BD6F3D2}.Debug|x86.ActiveCfg = Debug|Win32
		{BADF3E10-1B03-4C5D-8277-D4356BD6F3D2}.Debug|x86.Build.0 = Debug|Win32
		{BADF3E10-1B03-4C5D-8277-D4356BD6F3D2}.Release|x64.ActiveCfg = Release|x64
		{BADF3E10-1B03-4C5D-8277-D4356BD6F3D2}.Release|x64.Build.0 = Release|x64
		{BADF3E10-1B03-4C5D-8277-D4356BD6F3D2}.Release|x86.ActiveCfg = Release|Win32
		{BADF3E10-1B03-4C5D-8277-D4356BD6F3D2}.Release|x86.Build.0 = Release|Win32
	EndGlobalSection
	GlobalSection(SolutionProperties) = preSolution
		HideSolutionNode = FALSE
	EndGlobalSection
	GlobalSection(ExtensibilityGlobals) = postSolution
		SolutionGuid = {A45567B4-E58F-4E5D-853D-1562140B1C8F}
	EndGlobalSection
EndGlobal
